
Microsoft Visual Studio Solution File, Format Version 12.00
Project("{FAE04EC0-301F-11D3-BF4B-00C04F79EFBC}") = "Tactical.DDD", "Tactical.DDD\Tactical.DDD.csproj", "{2731E18C-1932-4A64-A87E-DB8FBF2AB0C6}"
EndProject
Project("{FAE04EC0-301F-11D3-BF4B-00C04F79EFBC}") = "Tactical.DDD.Tests", "Tactical.DDD.Tests\Tactical.DDD.Tests.csproj", "{9269845C-75E5-419B-89DC-7958ED9F1366}"
EndProject
Global
	GlobalSection(SolutionConfigurationPlatforms) = preSolution
		Debug|Any CPU = Debug|Any CPU
		Release|Any CPU = Release|Any CPU
	EndGlobalSection
	GlobalSection(ProjectConfigurationPlatforms) = postSolution
		{2731E18C-1932-4A64-A87E-DB8FBF2AB0C6}.Debug|Any CPU.ActiveCfg = Debug|Any CPU
		{2731E18C-1932-4A64-A87E-DB8FBF2AB0C6}.Debug|Any CPU.Build.0 = Debug|Any CPU
		{2731E18C-1932-4A64-A87E-DB8FBF2AB0C6}.Release|Any CPU.ActiveCfg = Release|Any CPU
		{2731E18C-1932-4A64-A87E-DB8FBF2AB0C6}.Release|Any CPU.Build.0 = Release|Any CPU
		{9269845C-75E5-419B-89DC-7958ED9F1366}.Debug|Any CPU.ActiveCfg = Debug|Any CPU
		{9269845C-75E5-419B-89DC-7958ED9F1366}.Debug|Any CPU.Build.0 = Debug|Any CPU
		{9269845C-75E5-419B-89DC-7958ED9F1366}.Release|Any CPU.ActiveCfg = Release|Any CPU
		{9269845C-75E5-419B-89DC-7958ED9F1366}.Release|Any CPU.Build.0 = Release|Any CPU
	EndGlobalSection
EndGlobal
